<?xml version="1.0" encoding="utf-8"?>
<Project ToolsVersion="4.0" xmlns="http://schemas.microsoft.com/developer/msbuild/2003">
  <ItemGroup>
    <Filter Include="Source Files">
      <UniqueIdentifier>{4FC737F1-C7A5-4376-A066-2A32D752A2FF}</UniqueIdentifier>
      <Extensions>cpp;c;cc;cxx;c++;cppm;ixx;def;odl;idl;hpj;bat;asm;asmx</Extensions>
    </Filter>
    <Filter Include="Source Files\Resource Files">
      <UniqueIdentifier>{67DA6AB6-F800-4c08-8B7A-83BB121AAD01}</UniqueIdentifier>
      <Extensions>rc;ico;cur;bmp;dlg;rc2;rct;bin;rgs;gif;jpg;jpeg;jpe;resx;tiff;tif;png;wav;mfcribbon-ms</Extensions>
    </Filter>
  </ItemGroup>
  <ItemGroup>
    <ClCompile Include="darian.cpp">
      <Filter>Source Files</Filter>
    </ClCompile>
    <ClCompile Include="darianMain.cpp">
      <Filter>Source Files</Filter>
    </ClCompile>
  </ItemGroup>
  <ItemGroup>
    <None Include="..\..\..\Darian.xpm">
      <Filter>Source Files</Filter>
    </None>
    <None Include="..\..\..\Date.xpm">
      <Filter>Source Files</Filter>
    </None>
    <None Include="..\..\..\Georgian.xpm">
      <Filter>Source Files</Filter>
    </None>
    <None Include="..\..\..\Icon.xpm">
      <Filter>Source Files</Filter>
    </None>
    <None Include="..\..\..\Month.xpm">
      <Filter>Source Files</Filter>
    </None>
    <None Include="..\..\..\Time.xpm">
      <Filter>Source Files</Filter>
    </None>
    <None Include="..\..\..\Year.xpm">
      <Filter>Source Files</Filter>
    </None>
  </ItemGroup>
  <ItemGroup>
    <ClInclude Include="..\..\wxCalander\wxCalander\darian.h">
      <Filter>Source Files</Filter>
    </ClInclude>
    <ClInclude Include="..\..\wxCalander\wxCalander\darianMain.h">
      <Filter>Source Files</Filter>
    </ClInclude>
  </ItemGroup>
</Project>